
Microsoft Visual Studio Solution File, Format Version 12.00
# Visual Studio 2013
VisualStudioVersion = 12.0.30501.0
MinimumVisualStudioVersion = 10.0.40219.1
Project("{8BC9CEB8-8B4A-11D0-8D11-00A0C91BC942}") = "vs-github-trial", "vs-github-trial.vcxproj", "{CBC9AC14-2F87-48D3-85DA-2E51E29DCD21}"
EndProject
Global
	GlobalSection(SolutionConfigurationPlatforms) = preSolution
		Debug|Win32 = Debug|Win32
		Release|Win32 = Release|Win32
	EndGlobalSection
	GlobalSection(ProjectConfigurationPlatforms) = postSolution
		{CBC9AC14-2F87-48D3-85DA-2E51E29DCD21}.Debug|Win32.ActiveCfg = Debug|Win32
		{CBC9AC14-2F87-48D3-85DA-2E51E29DCD21}.Debug|Win32.Build.0 = Debug|Win32
		{CBC9AC14-2F87-48D3-85DA-2E51E29DCD21}.Release|Win32.ActiveCfg = Release|Win32
		{CBC9AC14-2F87-48D3-85DA-2E51E29DCD21}.Release|Win32.Build.0 = Release|Win32
	EndGlobalSection
	GlobalSection(SolutionProperties) = preSolution
		HideSolutionNode = FALSE
	EndGlobalSection
EndGlobal
